
Microsoft Visual Studio Solution File, Format Version 12.00
# Visual Studio Version 16
VisualStudioVersion = 16.0.30907.101
MinimumVisualStudioVersion = 10.0.40219.1
Project("{F184B08F-C81C-45F6-A57F-5ABD9991F28F}") = "unSave", "unSave\unSave.vbproj", "{5E2AB393-CDED-42D2-92A9-3F7EBC325681}"
EndProject
Global
	GlobalSection(SolutionConfigurationPlatforms) = preSolution
		Debug|Any CPU = Debug|Any CPU
		Release|Any CPU = Release|Any CPU
	EndGlobalSection
	GlobalSection(ProjectConfigurationPlatforms) = postSolution
		{5E2AB393-CDED-42D2-92A9-3F7EBC325681}.Debug|Any CPU.ActiveCfg = Debug|Any CPU
		{5E2AB393-CDED-42D2-92A9-3F7EBC325681}.Debug|Any CPU.Build.0 = Debug|Any CPU
		{5E2AB393-CDED-42D2-92A9-3F7EBC325681}.Release|Any CPU.ActiveCfg = Release|Any CPU
		{5E2AB393-CDED-42D2-92A9-3F7EBC325681}.Release|Any CPU.Build.0 = Release|Any CPU
	EndGlobalSection
	GlobalSection(SolutionProperties) = preSolution
		HideSolutionNode = FALSE
	EndGlobalSection
	GlobalSection(ExtensibilityGlobals) = postSolution
		SolutionGuid = {0CAA7BD7-F758-4822-9128-96D80BB60CA5}
	EndGlobalSection
EndGlobal
